
Microsoft Visual Studio Solution File, Format Version 12.00
# Visual Studio Version 17
VisualStudioVersion = 17.2.32516.85
MinimumVisualStudioVersion = 10.0.40219.1
Project("{FAE04EC0-301F-11D3-BF4B-00C04F79EFBC}") = "Problems", "Problems\Problems.csproj", "{234DA8FB-0EEE-4CF6-844A-18383E0D0EC2}"
EndProject
Global
	GlobalSection(SolutionConfigurationPlatforms) = preSolution
		Debug|Any CPU = Debug|Any CPU
		Release|Any CPU = Release|Any CPU
	EndGlobalSection
	GlobalSection(ProjectConfigurationPlatforms) = postSolution
		{234DA8FB-0EEE-4CF6-844A-18383E0D0EC2}.Debug|Any CPU.ActiveCfg = Debug|Any CPU
		{234DA8FB-0EEE-4CF6-844A-18383E0D0EC2}.Debug|Any CPU.Build.0 = Debug|Any CPU
		{234DA8FB-0EEE-4CF6-844A-18383E0D0EC2}.Release|Any CPU.ActiveCfg = Release|Any CPU
		{234DA8FB-0EEE-4CF6-844A-18383E0D0EC2}.Release|Any CPU.Build.0 = Release|Any CPU
	EndGlobalSection
	GlobalSection(SolutionProperties) = preSolution
		HideSolutionNode = FALSE
	EndGlobalSection
	GlobalSection(ExtensibilityGlobals) = postSolution
		SolutionGuid = {AF53EC23-FC18-4698-99FA-249C3FF288CE}
	EndGlobalSection
EndGlobal
